
Microsoft Visual Studio Solution File, Format Version 12.00
# Visual Studio Version 17
VisualStudioVersion = 17.10.34928.147
MinimumVisualStudioVersion = 10.0.40219.1
Project("{F184B08F-C81C-45F6-A57F-5ABD9991F28F}") = "memory_game", "memory_game\memory_game.vbproj", "{D269CDC6-4FB9-47B9-8F70-E2E2922C5BB0}"
EndProject
Global
	GlobalSection(SolutionConfigurationPlatforms) = preSolution
		Debug|Any CPU = Debug|Any CPU
		Release|Any CPU = Release|Any CPU
	EndGlobalSection
	GlobalSection(ProjectConfigurationPlatforms) = postSolution
		{D269CDC6-4FB9-47B9-8F70-E2E2922C5BB0}.Debug|Any CPU.ActiveCfg = Debug|Any CPU
		{D269CDC6-4FB9-47B9-8F70-E2E2922C5BB0}.Debug|Any CPU.Build.0 = Debug|Any CPU
		{D269CDC6-4FB9-47B9-8F70-E2E2922C5BB0}.Release|Any CPU.ActiveCfg = Release|Any CPU
		{D269CDC6-4FB9-47B9-8F70-E2E2922C5BB0}.Release|Any CPU.Build.0 = Release|Any CPU
	EndGlobalSection
	GlobalSection(SolutionProperties) = preSolution
		HideSolutionNode = FALSE
	EndGlobalSection
	GlobalSection(ExtensibilityGlobals) = postSolution
		SolutionGuid = {CFECB7D2-0245-4835-A317-81CA1467D56B}
	EndGlobalSection
EndGlobal
